{
  "version": 4,
  "terraform_version": "1.14.8",
  "serial": 10,
  "lineage": "32eb62e2-e8c9-530e-af8f-56063c2d1135",
  "outputs": {
    "dns_a_record_config": {
      "value": {
        "name": "finventory.app",
        "ttl": 300,
        "type": "A",
        "value": null
      },
      "type": [
        "object",
        {
          "name": "string",
          "ttl": "number",
          "type": "string",
          "value": "string"
        }
      ]
    },
    "firebase_auth_domain": {
      "value": "finventory-1776558252.firebaseapp.com",
      "type": "string"
    },
    "firestore_database_id": {
      "value": "finventory-main",
      "type": "string"
    },
    "functions_service_url": {
      "value": null,
      "type": "string"
    },
    "github_actions_sa_key": {
      "value": "ewogICJ0eXBlIjogInNlcnZpY2VfYWNjb3VudCIsCiAgInByb2plY3RfaWQiOiAiZmludmVudG9yeS0xNzc2NTU4MjUyIiwKICAicHJpdmF0ZV9rZXlfaWQiOiAiZjlkOGFkNTNkNjVlZmIxNGU0ZDJhMTBkNjczZmEyMzBjOTRlZmQ3MiIsCiAgInByaXZhdGVfa2V5IjogIi0tLS0tQkVHSU4gUFJJVkFURSBLRVktLS0tLVxuTUlJRXZBSUJBREFOQmdrcWhraUc5dzBCQVFFRkFBU0NCS1l3Z2dTaUFnRUFBb0lCQVFESTBkZGxIU0xVZ0kySVxucDZWOFljNjQ3MUxyUmkyZHpaaUMyRTFxYTZ3Nll0ZTZQYU83eFVGcktvd0djeWdOTEtERy8vNlFwWU1yV2F1ZFxuK0JCRW54MzlZOVhnTG1aVlhob25YTW5laWUxWUFyeE0xaVJpem9Jampwd3JCT3JZRVc0eXRZa0VwaUIrazVSOFxuc3M5cGRBUHZEeENvVmR1RnVhNWQvMGJISE5JVU8reGJkN2VLTjB5aVhvM0RSYjBDUGRFOUR5aDQ1M2VTeitLcFxuMGQ3MjVYZjdWZ2I1eE9mUnE2YUxaWEc2dFdTVHluenlVZzVsMGowTThZUS9iUXhQaUh2aXpEU3QrODdDNXlId1xua0JYNUo4ejg1YjBHY21sSmkxL2VGSitXOTgvNzUrVDRvcFZienh6ZXkyQ1oxbVg0enNCaFNiY1ZHb3daWnoza1xucXora1JaSnJBZ01CQUFFQ2dnRUFROHFPcjF3UUUzTllFLzhmL3FhWDNkY3dneXJjSUU2MHdzclpDMmxRcVI4UFxuMnhlT3k4YlJpQ2REUUxRa0c1cHFwZkxxRVJOR2ZkNVY4RXc2MWFkdlBNZzBmV3E4Y2VvRDR6RFFGcmN4NzRsd1xuM25GVnRDTXBURzZLYW4xTTkrYWVjRERYRWNJdzZ2blA0TzZOMVBmc2tnbGdZcXNsSVhYbWxtV2tFM2czdE10UlxueWxjcEpDTUQ3b0ZSYmlLeFB1aExULzVBTUUxS2FTZDNud3dQSnBsYlI0RStmM1E0aWllMjg2TTJaU01kSC9BU1xuSHJyMkRTcVpxbm4vWEJMTkhNR29wUUlwWkNxbGhkdi91Y3R4RjVhTmNWNUdyTHdiTGlWVjB4Y0F6bnUwUUdyUlxuKy9kZytTYWFpWHRIKzM2dXFOVHdQN2tFS3NOVENEaTdzOUZNSURZNWlRS0JnUUQ4cExMQnlCcit1TXhYeGkxdlxua2xuTjVndnZoZ2R3UiswUXd3MEx6d1MwbDVBM0FXV0Y2Ti9BMk01WkNUUlN2dkViRDY0NWlKdklJQzVkMFlNUlxueWRjTEFJZjhGandiTFkzcVphVjdXOTcxTGd0ZWJPbGFGNE8vZFc2ekpwN3BBVDFVVFNDUjJ3dkg1WWovekpuT1xuYjkrU1owbzhNUDh5WmNZTjROUHVmSXp5dVFLQmdRRExmT0RSZ0dnRDZEL0ZhckVzZUE5RHNPR1ZEL0xSWjdZNFxuZFduTHkyWXpSL0x3MnBYVGRJa2VFRXNuSjFGL0gyNHRxL0RrMEZaNGthY25yYUZMNUVaUVk3QnFOUWhoR2pNV1xuay80RUxKaEFYTVNhYkgyTmRhNk0zWlJGeWFIU2tsTjVYS0NPbnErUFhLdmREV0dBd0NuWitsU1p2NjRlWXRpNVxuczl3Sjd0eHNRd0tCZ0dHQzlCZkZNMTRqVjROOVV5WWdGNWRYOWoxaHZ0ZEFlNmlma0JhQnRiQTZXNGhQZXE3ZlxudmhVQjJVc1dPV0xDbmU2eTg2enpKQ1Z1L2xacHVpd1FlbmFkb3Q3U2VpcUhQNkk3ejA0NG5HcUhkZzNnL1lRdlxuVlVOOWdOZVd6WGpqYUpkMEdXRVNhWTZpOG1qQXdKQ2tMMmVqaEV5TklNS0Q4NWlCc1dyNEdiTEpBb0dBTkpLYVxuOHdXZDJnU1RGVW92WkRIUW44aC9QNmZUTUU3L1FTNzBtblorZlJsRnB2eVNZUU5tdWFHMENQV2JsS0JtTXQ2TlxuYWxCNVJzVTZ6b0dKZnJZSGhKVjg2ck93Nm9WK1ZZTCt5YzFMdUxVL0JqYXBhWGJTRmdyWlYvNTBGSmRCZ2NWd1xucGVoUnExUmlBc2FHUG1GbmJxM0NWY2EwRVoyd0tLcFRXeTJmUFVrQ2dZQi93ZDgxbzJ6MmZDaDBGS2FVbktjeVxuU3NscDQ0V0lxdDR1eFhWWlBrVm1KZDR5aUwxU2M3R0ZZYnZZZ0ZXekpGMkxDcVBxUnNtQjRSRDJ1RUhkaTJZcFxuOUxSZnFmT3BjV1BzZkZLdGE0czh3UjJ0VXUzR3paR09qbFRkQVU3VUdyUjlNZVk0SmlKM2JVWVFuZjNwZmplR1xuUXpkWTdINjVqZ1RYZlFZQjg0QjZNdz09XG4tLS0tLUVORCBQUklWQVRFIEtFWS0tLS0tXG4iLAogICJjbGllbnRfZW1haWwiOiAiZ2l0aHViLWFjdGlvbnMtc2FAZmludmVudG9yeS0xNzc2NTU4MjUyLmlhbS5nc2VydmljZWFjY291bnQuY29tIiwKICAiY2xpZW50X2lkIjogIjEwODI2MTk5NDI3OTc3NTgwMDQ2MSIsCiAgImF1dGhfdXJpIjogImh0dHBzOi8vYWNjb3VudHMuZ29vZ2xlLmNvbS9vL29hdXRoMi9hdXRoIiwKICAidG9rZW5fdXJpIjogImh0dHBzOi8vb2F1dGgyLmdvb2dsZWFwaXMuY29tL3Rva2VuIiwKICAiYXV0aF9wcm92aWRlcl94NTA5X2NlcnRfdXJsIjogImh0dHBzOi8vd3d3Lmdvb2dsZWFwaXMuY29tL29hdXRoMi92MS9jZXJ0cyIsCiAgImNsaWVudF94NTA5X2NlcnRfdXJsIjogImh0dHBzOi8vd3d3Lmdvb2dsZWFwaXMuY29tL3JvYm90L3YxL21ldGFkYXRhL3g1MDkvZ2l0aHViLWFjdGlvbnMtc2ElNDBmaW52ZW50b3J5LTE3NzY1NTgyNTIuaWFtLmdzZXJ2aWNlYWNjb3VudC5jb20iLAogICJ1bml2ZXJzZV9kb21haW4iOiAiZ29vZ2xlYXBpcy5jb20iCn0K",
      "type": "string",
      "sensitive": true
    },
    "mobile_api_url": {
      "value": "https://finventory.app",
      "type": "string"
    },
    "project_id": {
      "value": "finventory-1776558252",
      "type": "string"
    },
    "web_domain": {
      "value": "finventory-1776558252-web",
      "type": "string"
    },
    "web_url": {
      "value": null,
      "type": "string"
    }
  },
  "resources": [
    {
      "mode": "managed",
      "type": "google_identity_platform_config",
      "name": "main",
      "provider": "provider[\"registry.terraform.io/hashicorp/google\"]",
      "instances": [
        {
          "schema_version": 0,
          "attributes": {
            "authorized_domains": [
              "finventory-1776558252.firebaseapp.com",
              "finventory-1776558252.web.app"
            ],
            "autodelete_anonymous_users": false,
            "blocking_functions": [],
            "client": [
              {
                "api_key": "AIzaSyAcx_Dt5if9bRv6K2eJKzREAJaGiMmtRs8",
                "firebase_subdomain": "finventory-1776558252",
                "permissions": [
                  {
                    "disabled_user_deletion": false,
                    "disabled_user_signup": false
                  }
                ]
              }
            ],
            "id": "projects/finventory-1776558252/config",
            "mfa": [
              {
                "enabled_providers": [],
                "provider_configs": [],
                "state": "DISABLED"
              }
            ],
            "monitoring": [
              {
                "request_logging": [
                  {
                    "enabled": true
                  }
                ]
              }
            ],
            "multi_tenant": [],
            "name": "projects/593576627371/config",
            "project": "finventory-1776558252",
            "quota": [],
            "sign_in": [
              {
                "allow_duplicate_emails": false,
                "anonymous": [
                  {
                    "enabled": false
                  }
                ],
                "email": [
                  {
                    "enabled": true,
                    "password_required": true
                  }
                ],
                "hash_config": [
                  {
                    "algorithm": "SCRYPT",
                    "memory_cost": 14,
                    "rounds": 8,
                    "salt_separator": "Bw==",
                    "signer_key": "3z3h79+aZ7C02QVAOf3dwyF2r501h1lQg1LTLanTHfGirwFaV/5sk0e1ccTwhd3TcwvuMs7qKiMo6qRPpx3/+Q=="
                  }
                ],
                "phone_number": []
              }
            ],
            "sms_region_config": [
              {
                "allow_by_default": [],
                "allowlist_only": []
              }
            ],
            "timeouts": null
          },
          "sensitive_attributes": [
            [
              {
                "type": "get_attr",
                "value": "client"
              },
              {
                "type": "index",
                "value": {
                  "value": 0,
                  "type": "number"
                }
              },
              {
                "type": "get_attr",
                "value": "api_key"
              }
            ]
          ],
          "identity_schema_version": 0,
          "private": "eyJlMmJmYjczMC1lY2FhLTExZTYtOGY4OC0zNDM2M2JjN2M0YzAiOnsiY3JlYXRlIjoxMjAwMDAwMDAwMDAwLCJkZWxldGUiOjEyMDAwMDAwMDAwMDAsInVwZGF0ZSI6MTIwMDAwMDAwMDAwMH19"
        }
      ]
    },
    {
      "mode": "managed",
      "type": "google_project",
      "name": "default",
      "provider": "provider[\"registry.terraform.io/hashicorp/google\"]",
      "instances": [
        {
          "schema_version": 1,
          "attributes": {
            "auto_create_network": true,
            "billing_account": "",
            "deletion_policy": "DELETE",
            "effective_labels": {
              "firebase": "enabled",
              "firebase-core": "disabled"
            },
            "folder_id": null,
            "id": "projects/finventory-1776558252",
            "labels": {},
            "name": "finventory-1776558252",
            "number": "593576627371",
            "org_id": "",
            "project_id": "finventory-1776558252",
            "skip_delete": null,
            "terraform_labels": {},
            "timeouts": null
          },
          "sensitive_attributes": [],
          "identity_schema_version": 0,
          "private": "eyJlMmJmYjczMC1lY2FhLTExZTYtOGY4OC0zNDM2M2JjN2M0YzAiOnsiY3JlYXRlIjo2MDAwMDAwMDAwMDAsImRlbGV0ZSI6NjAwMDAwMDAwMDAwLCJyZWFkIjo2MDAwMDAwMDAwMDAsInVwZGF0ZSI6NjAwMDAwMDAwMDAwfSwic2NoZW1hX3ZlcnNpb24iOiIxIn0="
        }
      ]
    },
    {
      "mode": "managed",
      "type": "google_project_iam_member",
      "name": "cloud_functions_firestore",
      "provider": "provider[\"registry.terraform.io/hashicorp/google\"]",
      "instances": [
        {
          "schema_version": 0,
          "attributes": {
            "condition": [],
            "etag": "BwZPzNCgpDI=",
            "id": "finventory-1776558252/roles/datastore.user/serviceAccount:cloud-functions-sa@finventory-1776558252.iam.gserviceaccount.com",
            "member": "serviceAccount:cloud-functions-sa@finventory-1776558252.iam.gserviceaccount.com",
            "project": "finventory-1776558252",
            "role": "roles/datastore.user"
          },
          "sensitive_attributes": [],
          "identity_schema_version": 0,
          "private": "bnVsbA==",
          "dependencies": [
            "google_service_account.cloud_functions"
          ]
        }
      ]
    },
    {
      "mode": "managed",
      "type": "google_project_iam_member",
      "name": "cloud_functions_pubsub",
      "provider": "provider[\"registry.terraform.io/hashicorp/google\"]",
      "instances": [
        {
          "schema_version": 0,
          "attributes": {
            "condition": [],
            "etag": "BwZPzNCgpDI=",
            "id": "finventory-1776558252/roles/pubsub.editor/serviceAccount:cloud-functions-sa@finventory-1776558252.iam.gserviceaccount.com",
            "member": "serviceAccount:cloud-functions-sa@finventory-1776558252.iam.gserviceaccount.com",
            "project": "finventory-1776558252",
            "role": "roles/pubsub.editor"
          },
          "sensitive_attributes": [],
          "identity_schema_version": 0,
          "private": "bnVsbA==",
          "dependencies": [
            "google_service_account.cloud_functions"
          ]
        }
      ]
    },
    {
      "mode": "managed",
      "type": "google_project_iam_member",
      "name": "cloud_functions_storage",
      "provider": "provider[\"registry.terraform.io/hashicorp/google\"]",
      "instances": [
        {
          "schema_version": 0,
          "attributes": {
            "condition": [],
            "etag": "BwZPzNCgpDI=",
            "id": "finventory-1776558252/roles/storage.objectAdmin/serviceAccount:cloud-functions-sa@finventory-1776558252.iam.gserviceaccount.com",
            "member": "serviceAccount:cloud-functions-sa@finventory-1776558252.iam.gserviceaccount.com",
            "project": "finventory-1776558252",
            "role": "roles/storage.objectAdmin"
          },
          "sensitive_attributes": [],
          "identity_schema_version": 0,
          "private": "bnVsbA==",
          "dependencies": [
            "google_service_account.cloud_functions"
          ]
        }
      ]
    },
    {
      "mode": "managed",
      "type": "google_project_iam_member",
      "name": "cloud_run_artifact_registry",
      "provider": "provider[\"registry.terraform.io/hashicorp/google\"]",
      "instances": [
        {
          "schema_version": 0,
          "attributes": {
            "condition": [],
            "etag": "BwZPzNCgpDI=",
            "id": "finventory-1776558252/roles/artifactregistry.reader/serviceAccount:cloud-run-invoker-sa@finventory-1776558252.iam.gserviceaccount.com",
            "member": "serviceAccount:cloud-run-invoker-sa@finventory-1776558252.iam.gserviceaccount.com",
            "project": "finventory-1776558252",
            "role": "roles/artifactregistry.reader"
          },
          "sensitive_attributes": [],
          "identity_schema_version": 0,
          "private": "bnVsbA==",
          "dependencies": [
            "google_service_account.cloud_run_invoker"
          ]
        }
      ]
    },
    {
      "mode": "managed",
      "type": "google_project_iam_member",
      "name": "cloud_run_firestore",
      "provider": "provider[\"registry.terraform.io/hashicorp/google\"]",
      "instances": [
        {
          "schema_version": 0,
          "attributes": {
            "condition": [],
            "etag": "BwZPzNCgpDI=",
            "id": "finventory-1776558252/roles/datastore.user/serviceAccount:cloud-run-invoker-sa@finventory-1776558252.iam.gserviceaccount.com",
            "member": "serviceAccount:cloud-run-invoker-sa@finventory-1776558252.iam.gserviceaccount.com",
            "project": "finventory-1776558252",
            "role": "roles/datastore.user"
          },
          "sensitive_attributes": [],
          "identity_schema_version": 0,
          "private": "bnVsbA==",
          "dependencies": [
            "google_service_account.cloud_run_invoker"
          ]
        }
      ]
    },
    {
      "mode": "managed",
      "type": "google_project_iam_member",
      "name": "cloud_run_invoker",
      "provider": "provider[\"registry.terraform.io/hashicorp/google\"]",
      "instances": [
        {
          "schema_version": 0,
          "attributes": {
            "condition": [],
            "etag": "BwZPzNCgpDI=",
            "id": "finventory-1776558252/roles/run.invoker/serviceAccount:cloud-run-invoker-sa@finventory-1776558252.iam.gserviceaccount.com",
            "member": "serviceAccount:cloud-run-invoker-sa@finventory-1776558252.iam.gserviceaccount.com",
            "project": "finventory-1776558252",
            "role": "roles/run.invoker"
          },
          "sensitive_attributes": [],
          "identity_schema_version": 0,
          "private": "bnVsbA==",
          "dependencies": [
            "google_service_account.cloud_run_invoker"
          ]
        }
      ]
    },
    {
      "mode": "managed",
      "type": "google_project_iam_member",
      "name": "cloud_run_storage",
      "provider": "provider[\"registry.terraform.io/hashicorp/google\"]",
      "instances": [
        {
          "schema_version": 0,
          "attributes": {
            "condition": [],
            "etag": "BwZPzNCgpDI=",
            "id": "finventory-1776558252/roles/storage.objectViewer/serviceAccount:cloud-run-invoker-sa@finventory-1776558252.iam.gserviceaccount.com",
            "member": "serviceAccount:cloud-run-invoker-sa@finventory-1776558252.iam.gserviceaccount.com",
            "project": "finventory-1776558252",
            "role": "roles/storage.objectViewer"
          },
          "sensitive_attributes": [],
          "identity_schema_version": 0,
          "private": "bnVsbA==",
          "dependencies": [
            "google_service_account.cloud_run_invoker"
          ]
        }
      ]
    },
    {
      "mode": "managed",
      "type": "google_project_iam_member",
      "name": "github_actions_artifact_registry",
      "provider": "provider[\"registry.terraform.io/hashicorp/google\"]",
      "instances": [
        {
          "schema_version": 0,
          "attributes": {
            "condition": [],
            "etag": "BwZPzNCgpDI=",
            "id": "finventory-1776558252/roles/artifactregistry.writer/serviceAccount:github-actions-sa@finventory-1776558252.iam.gserviceaccount.com",
            "member": "serviceAccount:github-actions-sa@finventory-1776558252.iam.gserviceaccount.com",
            "project": "finventory-1776558252",
            "role": "roles/artifactregistry.writer"
          },
          "sensitive_attributes": [],
          "identity_schema_version": 0,
          "private": "bnVsbA==",
          "dependencies": [
            "google_service_account.github_actions"
          ]
        }
      ]
    },
    {
      "mode": "managed",
      "type": "google_project_iam_member",
      "name": "github_actions_cloud_functions",
      "provider": "provider[\"registry.terraform.io/hashicorp/google\"]",
      "instances": [
        {
          "schema_version": 0,
          "attributes": {
            "condition": [],
            "etag": "BwZPzNCgpDI=",
            "id": "finventory-1776558252/roles/cloudfunctions.developer/serviceAccount:github-actions-sa@finventory-1776558252.iam.gserviceaccount.com",
            "member": "serviceAccount:github-actions-sa@finventory-1776558252.iam.gserviceaccount.com",
            "project": "finventory-1776558252",
            "role": "roles/cloudfunctions.developer"
          },
          "sensitive_attributes": [],
          "identity_schema_version": 0,
          "private": "bnVsbA==",
          "dependencies": [
            "google_service_account.github_actions"
          ]
        }
      ]
    },
    {
      "mode": "managed",
      "type": "google_project_iam_member",
      "name": "github_actions_cloud_run",
      "provider": "provider[\"registry.terraform.io/hashicorp/google\"]",
      "instances": [
        {
          "schema_version": 0,
          "attributes": {
            "condition": [],
            "etag": "BwZPzNCgpDI=",
            "id": "finventory-1776558252/roles/run.admin/serviceAccount:github-actions-sa@finventory-1776558252.iam.gserviceaccount.com",
            "member": "serviceAccount:github-actions-sa@finventory-1776558252.iam.gserviceaccount.com",
            "project": "finventory-1776558252",
            "role": "roles/run.admin"
          },
          "sensitive_attributes": [],
          "identity_schema_version": 0,
          "private": "bnVsbA==",
          "dependencies": [
            "google_service_account.github_actions"
          ]
        }
      ]
    },
    {
      "mode": "managed",
      "type": "google_project_iam_member",
      "name": "github_actions_firebase",
      "provider": "provider[\"registry.terraform.io/hashicorp/google\"]",
      "instances": [
        {
          "schema_version": 0,
          "attributes": {
            "condition": [],
            "etag": "BwZPzNCgpDI=",
            "id": "finventory-1776558252/roles/firebase.admin/serviceAccount:github-actions-sa@finventory-1776558252.iam.gserviceaccount.com",
            "member": "serviceAccount:github-actions-sa@finventory-1776558252.iam.gserviceaccount.com",
            "project": "finventory-1776558252",
            "role": "roles/firebase.admin"
          },
          "sensitive_attributes": [],
          "identity_schema_version": 0,
          "private": "bnVsbA==",
          "dependencies": [
            "google_service_account.github_actions"
          ]
        }
      ]
    },
    {
      "mode": "managed",
      "type": "google_project_iam_member",
      "name": "github_actions_storage",
      "provider": "provider[\"registry.terraform.io/hashicorp/google\"]",
      "instances": [
        {
          "schema_version": 0,
          "attributes": {
            "condition": [],
            "etag": "BwZPzNCgpDI=",
            "id": "finventory-1776558252/roles/storage.objectAdmin/serviceAccount:github-actions-sa@finventory-1776558252.iam.gserviceaccount.com",
            "member": "serviceAccount:github-actions-sa@finventory-1776558252.iam.gserviceaccount.com",
            "project": "finventory-1776558252",
            "role": "roles/storage.objectAdmin"
          },
          "sensitive_attributes": [],
          "identity_schema_version": 0,
          "private": "bnVsbA==",
          "dependencies": [
            "google_service_account.github_actions"
          ]
        }
      ]
    },
    {
      "mode": "managed",
      "type": "google_project_service",
      "name": "firestore",
      "provider": "provider[\"registry.terraform.io/hashicorp/google\"]",
      "instances": [
        {
          "schema_version": 0,
          "attributes": {
            "disable_dependent_services": null,
            "disable_on_destroy": false,
            "id": "finventory-1776558252/firestore.googleapis.com",
            "project": "finventory-1776558252",
            "service": "firestore.googleapis.com",
            "timeouts": null
          },
          "sensitive_attributes": [],
          "identity_schema_version": 0,
          "private": "eyJlMmJmYjczMC1lY2FhLTExZTYtOGY4OC0zNDM2M2JjN2M0YzAiOnsiY3JlYXRlIjoxMjAwMDAwMDAwMDAwLCJkZWxldGUiOjEyMDAwMDAwMDAwMDAsInJlYWQiOjYwMDAwMDAwMDAwMCwidXBkYXRlIjoxMjAwMDAwMDAwMDAwfX0=",
          "dependencies": [
            "google_project.default"
          ]
        }
      ]
    },
    {
      "mode": "managed",
      "type": "google_project_service",
      "name": "functions",
      "provider": "provider[\"registry.terraform.io/hashicorp/google\"]",
      "instances": [
        {
          "schema_version": 0,
          "attributes": {
            "disable_dependent_services": null,
            "disable_on_destroy": true,
            "id": "finventory-1776558252/cloudfunctions.googleapis.com",
            "project": "finventory-1776558252",
            "service": "cloudfunctions.googleapis.com",
            "timeouts": null
          },
          "sensitive_attributes": [],
          "identity_schema_version": 0,
          "private": "eyJlMmJmYjczMC1lY2FhLTExZTYtOGY4OC0zNDM2M2JjN2M0YzAiOnsiY3JlYXRlIjoxMjAwMDAwMDAwMDAwLCJkZWxldGUiOjEyMDAwMDAwMDAwMDAsInJlYWQiOjYwMDAwMDAwMDAwMCwidXBkYXRlIjoxMjAwMDAwMDAwMDAwfX0=",
          "dependencies": [
            "google_project.default"
          ]
        }
      ]
    },
    {
      "mode": "managed",
      "type": "google_project_service",
      "name": "identity_platform",
      "provider": "provider[\"registry.terraform.io/hashicorp/google\"]",
      "instances": [
        {
          "schema_version": 0,
          "attributes": {
            "disable_dependent_services": false,
            "disable_on_destroy": false,
            "id": "finventory-1776558252/identitytoolkit.googleapis.com",
            "project": "finventory-1776558252",
            "service": "identitytoolkit.googleapis.com",
            "timeouts": null
          },
          "sensitive_attributes": [],
          "identity_schema_version": 0,
          "private": "eyJlMmJmYjczMC1lY2FhLTExZTYtOGY4OC0zNDM2M2JjN2M0YzAiOnsiY3JlYXRlIjoxMjAwMDAwMDAwMDAwLCJkZWxldGUiOjEyMDAwMDAwMDAwMDAsInJlYWQiOjYwMDAwMDAwMDAwMCwidXBkYXRlIjoxMjAwMDAwMDAwMDAwfX0="
        }
      ]
    },
    {
      "mode": "managed",
      "type": "google_project_service",
      "name": "pubsub",
      "provider": "provider[\"registry.terraform.io/hashicorp/google\"]",
      "instances": [
        {
          "schema_version": 0,
          "attributes": {
            "disable_dependent_services": null,
            "disable_on_destroy": true,
            "id": "finventory-1776558252/pubsub.googleapis.com",
            "project": "finventory-1776558252",
            "service": "pubsub.googleapis.com",
            "timeouts": null
          },
          "sensitive_attributes": [],
          "identity_schema_version": 0,
          "private": "eyJlMmJmYjczMC1lY2FhLTExZTYtOGY4OC0zNDM2M2JjN2M0YzAiOnsiY3JlYXRlIjoxMjAwMDAwMDAwMDAwLCJkZWxldGUiOjEyMDAwMDAwMDAwMDAsInJlYWQiOjYwMDAwMDAwMDAwMCwidXBkYXRlIjoxMjAwMDAwMDAwMDAwfX0=",
          "dependencies": [
            "google_project.default"
          ]
        }
      ]
    },
    {
      "mode": "managed",
      "type": "google_project_service",
      "name": "run",
      "provider": "provider[\"registry.terraform.io/hashicorp/google\"]",
      "instances": [
        {
          "schema_version": 0,
          "attributes": {
            "disable_dependent_services": null,
            "disable_on_destroy": true,
            "id": "finventory-1776558252/run.googleapis.com",
            "project": "finventory-1776558252",
            "service": "run.googleapis.com",
            "timeouts": null
          },
          "sensitive_attributes": [],
          "identity_schema_version": 0,
          "private": "eyJlMmJmYjczMC1lY2FhLTExZTYtOGY4OC0zNDM2M2JjN2M0YzAiOnsiY3JlYXRlIjoxMjAwMDAwMDAwMDAwLCJkZWxldGUiOjEyMDAwMDAwMDAwMDAsInJlYWQiOjYwMDAwMDAwMDAwMCwidXBkYXRlIjoxMjAwMDAwMDAwMDAwfX0=",
          "dependencies": [
            "google_project.default"
          ]
        }
      ]
    },
    {
      "mode": "managed",
      "type": "google_project_service",
      "name": "secret_manager",
      "provider": "provider[\"registry.terraform.io/hashicorp/google\"]",
      "instances": [
        {
          "schema_version": 0,
          "attributes": {
            "disable_dependent_services": false,
            "disable_on_destroy": false,
            "id": "finventory-1776558252/secretmanager.googleapis.com",
            "project": "finventory-1776558252",
            "service": "secretmanager.googleapis.com",
            "timeouts": null
          },
          "sensitive_attributes": [],
          "identity_schema_version": 0,
          "private": "eyJlMmJmYjczMC1lY2FhLTExZTYtOGY4OC0zNDM2M2JjN2M0YzAiOnsiY3JlYXRlIjoxMjAwMDAwMDAwMDAwLCJkZWxldGUiOjEyMDAwMDAwMDAwMDAsInJlYWQiOjYwMDAwMDAwMDAwMCwidXBkYXRlIjoxMjAwMDAwMDAwMDAwfX0="
        }
      ]
    },
    {
      "mode": "managed",
      "type": "google_project_service",
      "name": "secretmanager",
      "provider": "provider[\"registry.terraform.io/hashicorp/google\"]",
      "instances": [
        {
          "schema_version": 0,
          "attributes": {
            "disable_dependent_services": null,
            "disable_on_destroy": true,
            "id": "finventory-1776558252/secretmanager.googleapis.com",
            "project": "finventory-1776558252",
            "service": "secretmanager.googleapis.com",
            "timeouts": null
          },
          "sensitive_attributes": [],
          "identity_schema_version": 0,
          "private": "eyJlMmJmYjczMC1lY2FhLTExZTYtOGY4OC0zNDM2M2JjN2M0YzAiOnsiY3JlYXRlIjoxMjAwMDAwMDAwMDAwLCJkZWxldGUiOjEyMDAwMDAwMDAwMDAsInJlYWQiOjYwMDAwMDAwMDAwMCwidXBkYXRlIjoxMjAwMDAwMDAwMDAwfX0=",
          "dependencies": [
            "google_project.default"
          ]
        }
      ]
    },
    {
      "mode": "managed",
      "type": "google_project_service",
      "name": "storage",
      "provider": "provider[\"registry.terraform.io/hashicorp/google\"]",
      "instances": [
        {
          "schema_version": 0,
          "attributes": {
            "disable_dependent_services": null,
            "disable_on_destroy": true,
            "id": "finventory-1776558252/storage.googleapis.com",
            "project": "finventory-1776558252",
            "service": "storage.googleapis.com",
            "timeouts": null
          },
          "sensitive_attributes": [],
          "identity_schema_version": 0,
          "private": "eyJlMmJmYjczMC1lY2FhLTExZTYtOGY4OC0zNDM2M2JjN2M0YzAiOnsiY3JlYXRlIjoxMjAwMDAwMDAwMDAwLCJkZWxldGUiOjEyMDAwMDAwMDAwMDAsInJlYWQiOjYwMDAwMDAwMDAwMCwidXBkYXRlIjoxMjAwMDAwMDAwMDAwfX0=",
          "dependencies": [
            "google_project.default"
          ]
        }
      ]
    },
    {
      "mode": "managed",
      "type": "google_pubsub_schema",
      "name": "inventory_update",
      "provider": "provider[\"registry.terraform.io/hashicorp/google\"]",
      "instances": [
        {
          "schema_version": 0,
          "attributes": {
            "definition": "{\n  \"type\": \"record\",\n  \"name\": \"InventoryUpdate\",\n  \"namespace\": \"finventory.inventory\",\n  \"fields\": [\n    {\"name\": \"listing_id\", \"type\": \"string\"},\n    {\"name\": \"quantity\", \"type\": \"int\"},\n    {\"name\": \"status\", \"type\": [\"string\", \"null\"]},\n    {\"name\": \"timestamp\", \"type\": \"long\"}\n  ]\n}\n",
            "id": "projects/finventory-1776558252/schemas/inventory-update-schema",
            "name": "inventory-update-schema",
            "project": "finventory-1776558252",
            "timeouts": null,
            "type": "AVRO"
          },
          "sensitive_attributes": [],
          "identity_schema_version": 0,
          "private": "eyJlMmJmYjczMC1lY2FhLTExZTYtOGY4OC0zNDM2M2JjN2M0YzAiOnsiY3JlYXRlIjoxMjAwMDAwMDAwMDAwLCJkZWxldGUiOjEyMDAwMDAwMDAwMDAsInVwZGF0ZSI6MTIwMDAwMDAwMDAwMH19"
        }
      ]
    },
    {
      "mode": "managed",
      "type": "google_pubsub_schema",
      "name": "new_listing",
      "provider": "provider[\"registry.terraform.io/hashicorp/google\"]",
      "instances": [
        {
          "schema_version": 0,
          "attributes": {
            "definition": "{\n  \"type\": \"record\",\n  \"name\": \"NewListing\",\n  \"namespace\": \"finventory.listings\",\n  \"fields\": [\n    {\"name\": \"listing_id\", \"type\": \"string\"},\n    {\"name\": \"seller_id\", \"type\": \"string\"},\n    {\"name\": \"species\", \"type\": \"string\"},\n    {\"name\": \"grade\", \"type\": \"string\"},\n    {\"name\": \"latitude\", \"type\": \"double\"},\n    {\"name\": \"longitude\", \"type\": \"double\"},\n    {\"name\": \"geohash\", \"type\": \"string\"},\n    {\"name\": \"timestamp\", \"type\": \"long\"}\n  ]\n}\n",
            "id": "projects/finventory-1776558252/schemas/new-listing-schema",
            "name": "new-listing-schema",
            "project": "finventory-1776558252",
            "timeouts": null,
            "type": "AVRO"
          },
          "sensitive_attributes": [],
          "identity_schema_version": 0,
          "private": "eyJlMmJmYjczMC1lY2FhLTExZTYtOGY4OC0zNDM2M2JjN2M0YzAiOnsiY3JlYXRlIjoxMjAwMDAwMDAwMDAwLCJkZWxldGUiOjEyMDAwMDAwMDAwMDAsInVwZGF0ZSI6MTIwMDAwMDAwMDAwMH19"
        }
      ]
    },
    {
      "mode": "managed",
      "type": "google_pubsub_schema",
      "name": "order_update",
      "provider": "provider[\"registry.terraform.io/hashicorp/google\"]",
      "instances": [
        {
          "schema_version": 0,
          "attributes": {
            "definition": "{\n  \"type\": \"record\",\n  \"name\": \"OrderUpdate\",\n  \"namespace\": \"finventory.orders\",\n  \"fields\": [\n    {\"name\": \"order_id\", \"type\": \"string\"},\n    {\"name\": \"listing_id\", \"type\": \"string\"},\n    {\"name\": \"buyer_id\", \"type\": \"string\"},\n    {\"name\": \"seller_id\", \"type\": \"string\"},\n    {\"name\": \"status\", \"type\": \"string\"},\n    {\"name\": \"timestamp\", \"type\": \"long\"}\n  ]\n}\n",
            "id": "projects/finventory-1776558252/schemas/order-update-schema",
            "name": "order-update-schema",
            "project": "finventory-1776558252",
            "timeouts": null,
            "type": "AVRO"
          },
          "sensitive_attributes": [],
          "identity_schema_version": 0,
          "private": "eyJlMmJmYjczMC1lY2FhLTExZTYtOGY4OC0zNDM2M2JjN2M0YzAiOnsiY3JlYXRlIjoxMjAwMDAwMDAwMDAwLCJkZWxldGUiOjEyMDAwMDAwMDAwMDAsInVwZGF0ZSI6MTIwMDAwMDAwMDAwMH19"
        }
      ]
    },
    {
      "mode": "managed",
      "type": "google_pubsub_topic",
      "name": "inventory_updates",
      "provider": "provider[\"registry.terraform.io/hashicorp/google\"]",
      "instances": [
        {
          "schema_version": 0,
          "attributes": {
            "effective_labels": {},
            "id": "projects/finventory-1776558252/topics/inventory-updates",
            "ingestion_data_source_settings": [],
            "kms_key_name": "",
            "labels": {},
            "message_retention_duration": "",
            "message_storage_policy": [
              {
                "allowed_persistence_regions": [
                  "us-central1"
                ]
              }
            ],
            "name": "inventory-updates",
            "project": "finventory-1776558252",
            "schema_settings": [],
            "terraform_labels": {},
            "timeouts": null
          },
          "sensitive_attributes": [],
          "identity_schema_version": 0,
          "private": "eyJlMmJmYjczMC1lY2FhLTExZTYtOGY4OC0zNDM2M2JjN2M0YzAiOnsiY3JlYXRlIjoxMjAwMDAwMDAwMDAwLCJkZWxldGUiOjEyMDAwMDAwMDAwMDAsInVwZGF0ZSI6MTIwMDAwMDAwMDAwMH19"
        }
      ]
    },
    {
      "mode": "managed",
      "type": "google_pubsub_topic",
      "name": "new_listings",
      "provider": "provider[\"registry.terraform.io/hashicorp/google\"]",
      "instances": [
        {
          "schema_version": 0,
          "attributes": {
            "effective_labels": {},
            "id": "projects/finventory-1776558252/topics/new-listings",
            "ingestion_data_source_settings": [],
            "kms_key_name": "",
            "labels": {},
            "message_retention_duration": "",
            "message_storage_policy": [
              {
                "allowed_persistence_regions": [
                  "us-central1"
                ]
              }
            ],
            "name": "new-listings",
            "project": "finventory-1776558252",
            "schema_settings": [],
            "terraform_labels": {},
            "timeouts": null
          },
          "sensitive_attributes": [],
          "identity_schema_version": 0,
          "private": "eyJlMmJmYjczMC1lY2FhLTExZTYtOGY4OC0zNDM2M2JjN2M0YzAiOnsiY3JlYXRlIjoxMjAwMDAwMDAwMDAwLCJkZWxldGUiOjEyMDAwMDAwMDAwMDAsInVwZGF0ZSI6MTIwMDAwMDAwMDAwMH19"
        }
      ]
    },
    {
      "mode": "managed",
      "type": "google_pubsub_topic",
      "name": "order_updates",
      "provider": "provider[\"registry.terraform.io/hashicorp/google\"]",
      "instances": [
        {
          "schema_version": 0,
          "attributes": {
            "effective_labels": {},
            "id": "projects/finventory-1776558252/topics/order-updates",
            "ingestion_data_source_settings": [],
            "kms_key_name": "",
            "labels": {},
            "message_retention_duration": "",
            "message_storage_policy": [
              {
                "allowed_persistence_regions": [
                  "us-central1"
                ]
              }
            ],
            "name": "order-updates",
            "project": "finventory-1776558252",
            "schema_settings": [],
            "terraform_labels": {},
            "timeouts": null
          },
          "sensitive_attributes": [],
          "identity_schema_version": 0,
          "private": "eyJlMmJmYjczMC1lY2FhLTExZTYtOGY4OC0zNDM2M2JjN2M0YzAiOnsiY3JlYXRlIjoxMjAwMDAwMDAwMDAwLCJkZWxldGUiOjEyMDAwMDAwMDAwMDAsInVwZGF0ZSI6MTIwMDAwMDAwMDAwMH19"
        }
      ]
    },
    {
      "mode": "managed",
      "type": "google_secret_manager_secret",
      "name": "apple_team_id",
      "provider": "provider[\"registry.terraform.io/hashicorp/google\"]",
      "instances": [
        {
          "schema_version": 0,
          "attributes": {
            "annotations": null,
            "create_time": "2026-04-19T10:05:39.173867Z",
            "effective_annotations": {},
            "effective_labels": {
              "environment": "production",
              "service": "authentication"
            },
            "expire_time": "",
            "id": "projects/finventory-1776558252/secrets/apple-team-id",
            "labels": {
              "environment": "production",
              "service": "authentication"
            },
            "name": "projects/593576627371/secrets/apple-team-id",
            "project": "finventory-1776558252",
            "replication": [
              {
                "auto": [
                  {
                    "customer_managed_encryption": []
                  }
                ],
                "user_managed": []
              }
            ],
            "rotation": [],
            "secret_id": "apple-team-id",
            "terraform_labels": {
              "environment": "production",
              "service": "authentication"
            },
            "timeouts": null,
            "topics": [],
            "ttl": null,
            "version_aliases": null,
            "version_destroy_ttl": ""
          },
          "sensitive_attributes": [],
          "identity_schema_version": 0,
          "private": "eyJlMmJmYjczMC1lY2FhLTExZTYtOGY4OC0zNDM2M2JjN2M0YzAiOnsiY3JlYXRlIjoxMjAwMDAwMDAwMDAwLCJkZWxldGUiOjEyMDAwMDAwMDAwMDAsInVwZGF0ZSI6MTIwMDAwMDAwMDAwMH19"
        }
      ]
    },
    {
      "mode": "managed",
      "type": "google_secret_manager_secret",
      "name": "stripe_api_key",
      "provider": "provider[\"registry.terraform.io/hashicorp/google\"]",
      "instances": [
        {
          "schema_version": 0,
          "attributes": {
            "annotations": {},
            "create_time": "2026-04-19T09:16:20.461164Z",
            "effective_annotations": {},
            "effective_labels": {
              "environment": "production",
              "service": "payments"
            },
            "expire_time": "",
            "id": "projects/finventory-1776558252/secrets/stripe-api-key",
            "labels": {
              "environment": "production",
              "service": "payments"
            },
            "name": "projects/593576627371/secrets/stripe-api-key",
            "project": "finventory-1776558252",
            "replication": [
              {
                "auto": [
                  {
                    "customer_managed_encryption": []
                  }
                ],
                "user_managed": []
              }
            ],
            "rotation": [],
            "secret_id": "stripe-api-key",
            "terraform_labels": {
              "environment": "production",
              "service": "payments"
            },
            "timeouts": null,
            "topics": [],
            "ttl": null,
            "version_aliases": {},
            "version_destroy_ttl": ""
          },
          "sensitive_attributes": [],
          "identity_schema_version": 0,
          "private": "eyJlMmJmYjczMC1lY2FhLTExZTYtOGY4OC0zNDM2M2JjN2M0YzAiOnsiY3JlYXRlIjoxMjAwMDAwMDAwMDAwLCJkZWxldGUiOjEyMDAwMDAwMDAwMDAsInVwZGF0ZSI6MTIwMDAwMDAwMDAwMH19"
        }
      ]
    },
    {
      "mode": "managed",
      "type": "google_secret_manager_secret_iam_member",
      "name": "stripe_api_key_cf",
      "provider": "provider[\"registry.terraform.io/hashicorp/google\"]",
      "instances": [
        {
          "schema_version": 0,
          "attributes": {
            "condition": [],
            "etag": "BwZPzKLvcjY=",
            "id": "projects/finventory-1776558252/secrets/stripe-api-key/roles/secretmanager.secretAccessor/serviceAccount:cloud-functions-sa@finventory-1776558252.iam.gserviceaccount.com",
            "member": "serviceAccount:cloud-functions-sa@finventory-1776558252.iam.gserviceaccount.com",
            "project": "finventory-1776558252",
            "role": "roles/secretmanager.secretAccessor",
            "secret_id": "projects/finventory-1776558252/secrets/stripe-api-key"
          },
          "sensitive_attributes": [],
          "identity_schema_version": 0,
          "private": "bnVsbA==",
          "dependencies": [
            "google_secret_manager_secret.stripe_api_key",
            "google_service_account.cloud_functions"
          ]
        }
      ]
    },
    {
      "mode": "managed",
      "type": "google_secret_manager_secret_iam_member",
      "name": "stripe_api_key_cr",
      "provider": "provider[\"registry.terraform.io/hashicorp/google\"]",
      "instances": [
        {
          "schema_version": 0,
          "attributes": {
            "condition": [],
            "etag": "BwZPzKLvcjY=",
            "id": "projects/finventory-1776558252/secrets/stripe-api-key/roles/secretmanager.secretAccessor/serviceAccount:cloud-run-invoker-sa@finventory-1776558252.iam.gserviceaccount.com",
            "member": "serviceAccount:cloud-run-invoker-sa@finventory-1776558252.iam.gserviceaccount.com",
            "project": "finventory-1776558252",
            "role": "roles/secretmanager.secretAccessor",
            "secret_id": "projects/finventory-1776558252/secrets/stripe-api-key"
          },
          "sensitive_attributes": [],
          "identity_schema_version": 0,
          "private": "bnVsbA==",
          "dependencies": [
            "google_secret_manager_secret.stripe_api_key",
            "google_service_account.cloud_run_invoker"
          ]
        }
      ]
    },
    {
      "mode": "managed",
      "type": "google_secret_manager_secret_version",
      "name": "apple_team_id",
      "provider": "provider[\"registry.terraform.io/hashicorp/google\"]",
      "instances": [
        {
          "status": "tainted",
          "schema_version": 0,
          "attributes": {
            "create_time": null,
            "deletion_policy": "DELETE",
            "destroy_time": null,
            "enabled": true,
            "id": "projects/593576627371/secrets/apple-team-id/versions/1",
            "is_secret_data_base64": false,
            "name": "projects/593576627371/secrets/apple-team-id/versions/1",
            "secret": "projects/finventory-1776558252/secrets/apple-team-id",
            "secret_data": "placeholder-update-with-actual-team-id",
            "timeouts": null,
            "version": null
          },
          "sensitive_attributes": [
            [
              {
                "type": "get_attr",
                "value": "secret_data"
              }
            ]
          ],
          "identity_schema_version": 0,
          "private": "eyJlMmJmYjczMC1lY2FhLTExZTYtOGY4OC0zNDM2M2JjN2M0YzAiOnsiY3JlYXRlIjoxMjAwMDAwMDAwMDAwLCJkZWxldGUiOjEyMDAwMDAwMDAwMDAsInVwZGF0ZSI6MTIwMDAwMDAwMDAwMH19",
          "dependencies": [
            "google_secret_manager_secret.apple_team_id"
          ]
        }
      ]
    },
    {
      "mode": "managed",
      "type": "google_secret_manager_secret_version",
      "name": "stripe_api_key",
      "provider": "provider[\"registry.terraform.io/hashicorp/google\"]",
      "instances": [
        {
          "schema_version": 0,
          "attributes": {
            "create_time": "2026-04-19T09:16:21.753014Z",
            "deletion_policy": "DELETE",
            "destroy_time": "",
            "enabled": true,
            "id": "projects/593576627371/secrets/stripe-api-key/versions/1",
            "is_secret_data_base64": false,
            "name": "projects/593576627371/secrets/stripe-api-key/versions/1",
            "secret": "projects/finventory-1776558252/secrets/stripe-api-key",
            "secret_data": "placeholder-update-with-actual-key",
            "timeouts": null,
            "version": "1"
          },
          "sensitive_attributes": [
            [
              {
                "type": "get_attr",
                "value": "secret_data"
              }
            ]
          ],
          "identity_schema_version": 0,
          "private": "eyJlMmJmYjczMC1lY2FhLTExZTYtOGY4OC0zNDM2M2JjN2M0YzAiOnsiY3JlYXRlIjoxMjAwMDAwMDAwMDAwLCJkZWxldGUiOjEyMDAwMDAwMDAwMDAsInVwZGF0ZSI6MTIwMDAwMDAwMDAwMH19",
          "dependencies": [
            "google_secret_manager_secret.stripe_api_key"
          ]
        }
      ]
    },
    {
      "mode": "managed",
      "type": "google_service_account",
      "name": "cloud_functions",
      "provider": "provider[\"registry.terraform.io/hashicorp/google\"]",
      "instances": [
        {
          "schema_version": 0,
          "attributes": {
            "account_id": "cloud-functions-sa",
            "create_ignore_already_exists": null,
            "description": "Service account for Cloud Functions to access GCP resources",
            "disabled": false,
            "display_name": "Cloud Functions Service Account",
            "email": "cloud-functions-sa@finventory-1776558252.iam.gserviceaccount.com",
            "id": "projects/finventory-1776558252/serviceAccounts/cloud-functions-sa@finventory-1776558252.iam.gserviceaccount.com",
            "member": "serviceAccount:cloud-functions-sa@finventory-1776558252.iam.gserviceaccount.com",
            "name": "projects/finventory-1776558252/serviceAccounts/cloud-functions-sa@finventory-1776558252.iam.gserviceaccount.com",
            "project": "finventory-1776558252",
            "timeouts": null,
            "unique_id": "112621325793855060021"
          },
          "sensitive_attributes": [],
          "identity_schema_version": 0,
          "private": "eyJlMmJmYjczMC1lY2FhLTExZTYtOGY4OC0zNDM2M2JjN2M0YzAiOnsiY3JlYXRlIjozMDAwMDAwMDAwMDB9fQ=="
        }
      ]
    },
    {
      "mode": "managed",
      "type": "google_service_account",
      "name": "cloud_run_invoker",
      "provider": "provider[\"registry.terraform.io/hashicorp/google\"]",
      "instances": [
        {
          "schema_version": 0,
          "attributes": {
            "account_id": "cloud-run-invoker-sa",
            "create_ignore_already_exists": null,
            "description": "Service account for Cloud Run service to access GCP resources",
            "disabled": false,
            "display_name": "Cloud Run Invoker Service Account",
            "email": "cloud-run-invoker-sa@finventory-1776558252.iam.gserviceaccount.com",
            "id": "projects/finventory-1776558252/serviceAccounts/cloud-run-invoker-sa@finventory-1776558252.iam.gserviceaccount.com",
            "member": "serviceAccount:cloud-run-invoker-sa@finventory-1776558252.iam.gserviceaccount.com",
            "name": "projects/finventory-1776558252/serviceAccounts/cloud-run-invoker-sa@finventory-1776558252.iam.gserviceaccount.com",
            "project": "finventory-1776558252",
            "timeouts": null,
            "unique_id": "100828173093875438850"
          },
          "sensitive_attributes": [],
          "identity_schema_version": 0,
          "private": "eyJlMmJmYjczMC1lY2FhLTExZTYtOGY4OC0zNDM2M2JjN2M0YzAiOnsiY3JlYXRlIjozMDAwMDAwMDAwMDB9fQ=="
        }
      ]
    },
    {
      "mode": "managed",
      "type": "google_service_account",
      "name": "github_actions",
      "provider": "provider[\"registry.terraform.io/hashicorp/google\"]",
      "instances": [
        {
          "schema_version": 0,
          "attributes": {
            "account_id": "github-actions-sa",
            "create_ignore_already_exists": null,
            "description": "Service account for GitHub Actions to deploy to GCP",
            "disabled": false,
            "display_name": "GitHub Actions Service Account",
            "email": "github-actions-sa@finventory-1776558252.iam.gserviceaccount.com",
            "id": "projects/finventory-1776558252/serviceAccounts/github-actions-sa@finventory-1776558252.iam.gserviceaccount.com",
            "member": "serviceAccount:github-actions-sa@finventory-1776558252.iam.gserviceaccount.com",
            "name": "projects/finventory-1776558252/serviceAccounts/github-actions-sa@finventory-1776558252.iam.gserviceaccount.com",
            "project": "finventory-1776558252",
            "timeouts": null,
            "unique_id": "108261994279775800461"
          },
          "sensitive_attributes": [],
          "identity_schema_version": 0,
          "private": "eyJlMmJmYjczMC1lY2FhLTExZTYtOGY4OC0zNDM2M2JjN2M0YzAiOnsiY3JlYXRlIjozMDAwMDAwMDAwMDB9fQ=="
        }
      ]
    },
    {
      "mode": "managed",
      "type": "google_service_account",
      "name": "pubsub_invoker",
      "provider": "provider[\"registry.terraform.io/hashicorp/google\"]",
      "instances": [
        {
          "schema_version": 0,
          "attributes": {
            "account_id": "pubsub-invoker-sa",
            "create_ignore_already_exists": null,
            "description": "Service account for Pub/Sub push subscriptions to invoke Cloud Functions",
            "disabled": false,
            "display_name": "Pub/Sub Invoker Service Account",
            "email": "pubsub-invoker-sa@finventory-1776558252.iam.gserviceaccount.com",
            "id": "projects/finventory-1776558252/serviceAccounts/pubsub-invoker-sa@finventory-1776558252.iam.gserviceaccount.com",
            "member": "serviceAccount:pubsub-invoker-sa@finventory-1776558252.iam.gserviceaccount.com",
            "name": "projects/finventory-1776558252/serviceAccounts/pubsub-invoker-sa@finventory-1776558252.iam.gserviceaccount.com",
            "project": "finventory-1776558252",
            "timeouts": null,
            "unique_id": "113418615057628120778"
          },
          "sensitive_attributes": [],
          "identity_schema_version": 0,
          "private": "eyJlMmJmYjczMC1lY2FhLTExZTYtOGY4OC0zNDM2M2JjN2M0YzAiOnsiY3JlYXRlIjozMDAwMDAwMDAwMDB9fQ=="
        }
      ]
    },
    {
      "mode": "managed",
      "type": "google_service_account",
      "name": "scheduler",
      "provider": "provider[\"registry.terraform.io/hashicorp/google\"]",
      "instances": [
        {
          "schema_version": 0,
          "attributes": {
            "account_id": "scheduler-sa",
            "create_ignore_already_exists": null,
            "description": "Service account for Cloud Scheduler to invoke Cloud Functions",
            "disabled": false,
            "display_name": "Cloud Scheduler Service Account",
            "email": "scheduler-sa@finventory-1776558252.iam.gserviceaccount.com",
            "id": "projects/finventory-1776558252/serviceAccounts/scheduler-sa@finventory-1776558252.iam.gserviceaccount.com",
            "member": "serviceAccount:scheduler-sa@finventory-1776558252.iam.gserviceaccount.com",
            "name": "projects/finventory-1776558252/serviceAccounts/scheduler-sa@finventory-1776558252.iam.gserviceaccount.com",
            "project": "finventory-1776558252",
            "timeouts": null,
            "unique_id": "109148769054945099106"
          },
          "sensitive_attributes": [],
          "identity_schema_version": 0,
          "private": "eyJlMmJmYjczMC1lY2FhLTExZTYtOGY4OC0zNDM2M2JjN2M0YzAiOnsiY3JlYXRlIjozMDAwMDAwMDAwMDB9fQ=="
        }
      ]
    },
    {
      "mode": "managed",
      "type": "google_service_account_iam_member",
      "name": "cloud_functions_token_creator",
      "provider": "provider[\"registry.terraform.io/hashicorp/google\"]",
      "instances": [
        {
          "schema_version": 0,
          "attributes": {
            "condition": [],
            "etag": "BwZPzKC3lhk=",
            "id": "projects/finventory-1776558252/serviceAccounts/cloud-functions-sa@finventory-1776558252.iam.gserviceaccount.com/roles/iam.serviceAccountTokenCreator/serviceAccount:pubsub-invoker-sa@finventory-1776558252.iam.gserviceaccount.com",
            "member": "serviceAccount:pubsub-invoker-sa@finventory-1776558252.iam.gserviceaccount.com",
            "role": "roles/iam.serviceAccountTokenCreator",
            "service_account_id": "projects/finventory-1776558252/serviceAccounts/cloud-functions-sa@finventory-1776558252.iam.gserviceaccount.com"
          },
          "sensitive_attributes": [],
          "identity_schema_version": 0,
          "private": "bnVsbA==",
          "dependencies": [
            "google_service_account.cloud_functions",
            "google_service_account.pubsub_invoker"
          ]
        }
      ]
    },
    {
      "mode": "managed",
      "type": "google_service_account_iam_member",
      "name": "cloud_run_token_creator",
      "provider": "provider[\"registry.terraform.io/hashicorp/google\"]",
      "instances": [
        {
          "schema_version": 0,
          "attributes": {
            "condition": [],
            "etag": "BwZPzJ/aUpo=",
            "id": "projects/finventory-1776558252/serviceAccounts/cloud-run-invoker-sa@finventory-1776558252.iam.gserviceaccount.com/roles/iam.serviceAccountTokenCreator/serviceAccount:pubsub-invoker-sa@finventory-1776558252.iam.gserviceaccount.com",
            "member": "serviceAccount:pubsub-invoker-sa@finventory-1776558252.iam.gserviceaccount.com",
            "role": "roles/iam.serviceAccountTokenCreator",
            "service_account_id": "projects/finventory-1776558252/serviceAccounts/cloud-run-invoker-sa@finventory-1776558252.iam.gserviceaccount.com"
          },
          "sensitive_attributes": [],
          "identity_schema_version": 0,
          "private": "bnVsbA==",
          "dependencies": [
            "google_service_account.cloud_run_invoker",
            "google_service_account.pubsub_invoker"
          ]
        }
      ]
    },
    {
      "mode": "managed",
      "type": "google_service_account_key",
      "name": "github_actions",
      "provider": "provider[\"registry.terraform.io/hashicorp/google\"]",
      "instances": [
        {
          "schema_version": 0,
          "attributes": {
            "id": "projects/finventory-1776558252/serviceAccounts/github-actions-sa@finventory-1776558252.iam.gserviceaccount.com/keys/f9d8ad53d65efb14e4d2a10d673fa230c94efd72",
            "keepers": null,
            "key_algorithm": "KEY_ALG_RSA_2048",
            "name": "projects/finventory-1776558252/serviceAccounts/github-actions-sa@finventory-1776558252.iam.gserviceaccount.com/keys/f9d8ad53d65efb14e4d2a10d673fa230c94efd72",
            "private_key": "ewogICJ0eXBlIjogInNlcnZpY2VfYWNjb3VudCIsCiAgInByb2plY3RfaWQiOiAiZmludmVudG9yeS0xNzc2NTU4MjUyIiwKICAicHJpdmF0ZV9rZXlfaWQiOiAiZjlkOGFkNTNkNjVlZmIxNGU0ZDJhMTBkNjczZmEyMzBjOTRlZmQ3MiIsCiAgInByaXZhdGVfa2V5IjogIi0tLS0tQkVHSU4gUFJJVkFURSBLRVktLS0tLVxuTUlJRXZBSUJBREFOQmdrcWhraUc5dzBCQVFFRkFBU0NCS1l3Z2dTaUFnRUFBb0lCQVFESTBkZGxIU0xVZ0kySVxucDZWOFljNjQ3MUxyUmkyZHpaaUMyRTFxYTZ3Nll0ZTZQYU83eFVGcktvd0djeWdOTEtERy8vNlFwWU1yV2F1ZFxuK0JCRW54MzlZOVhnTG1aVlhob25YTW5laWUxWUFyeE0xaVJpem9Jampwd3JCT3JZRVc0eXRZa0VwaUIrazVSOFxuc3M5cGRBUHZEeENvVmR1RnVhNWQvMGJISE5JVU8reGJkN2VLTjB5aVhvM0RSYjBDUGRFOUR5aDQ1M2VTeitLcFxuMGQ3MjVYZjdWZ2I1eE9mUnE2YUxaWEc2dFdTVHluenlVZzVsMGowTThZUS9iUXhQaUh2aXpEU3QrODdDNXlId1xua0JYNUo4ejg1YjBHY21sSmkxL2VGSitXOTgvNzUrVDRvcFZienh6ZXkyQ1oxbVg0enNCaFNiY1ZHb3daWnoza1xucXora1JaSnJBZ01CQUFFQ2dnRUFROHFPcjF3UUUzTllFLzhmL3FhWDNkY3dneXJjSUU2MHdzclpDMmxRcVI4UFxuMnhlT3k4YlJpQ2REUUxRa0c1cHFwZkxxRVJOR2ZkNVY4RXc2MWFkdlBNZzBmV3E4Y2VvRDR6RFFGcmN4NzRsd1xuM25GVnRDTXBURzZLYW4xTTkrYWVjRERYRWNJdzZ2blA0TzZOMVBmc2tnbGdZcXNsSVhYbWxtV2tFM2czdE10UlxueWxjcEpDTUQ3b0ZSYmlLeFB1aExULzVBTUUxS2FTZDNud3dQSnBsYlI0RStmM1E0aWllMjg2TTJaU01kSC9BU1xuSHJyMkRTcVpxbm4vWEJMTkhNR29wUUlwWkNxbGhkdi91Y3R4RjVhTmNWNUdyTHdiTGlWVjB4Y0F6bnUwUUdyUlxuKy9kZytTYWFpWHRIKzM2dXFOVHdQN2tFS3NOVENEaTdzOUZNSURZNWlRS0JnUUQ4cExMQnlCcit1TXhYeGkxdlxua2xuTjVndnZoZ2R3UiswUXd3MEx6d1MwbDVBM0FXV0Y2Ti9BMk01WkNUUlN2dkViRDY0NWlKdklJQzVkMFlNUlxueWRjTEFJZjhGandiTFkzcVphVjdXOTcxTGd0ZWJPbGFGNE8vZFc2ekpwN3BBVDFVVFNDUjJ3dkg1WWovekpuT1xuYjkrU1owbzhNUDh5WmNZTjROUHVmSXp5dVFLQmdRRExmT0RSZ0dnRDZEL0ZhckVzZUE5RHNPR1ZEL0xSWjdZNFxuZFduTHkyWXpSL0x3MnBYVGRJa2VFRXNuSjFGL0gyNHRxL0RrMEZaNGthY25yYUZMNUVaUVk3QnFOUWhoR2pNV1xuay80RUxKaEFYTVNhYkgyTmRhNk0zWlJGeWFIU2tsTjVYS0NPbnErUFhLdmREV0dBd0NuWitsU1p2NjRlWXRpNVxuczl3Sjd0eHNRd0tCZ0dHQzlCZkZNMTRqVjROOVV5WWdGNWRYOWoxaHZ0ZEFlNmlma0JhQnRiQTZXNGhQZXE3ZlxudmhVQjJVc1dPV0xDbmU2eTg2enpKQ1Z1L2xacHVpd1FlbmFkb3Q3U2VpcUhQNkk3ejA0NG5HcUhkZzNnL1lRdlxuVlVOOWdOZVd6WGpqYUpkMEdXRVNhWTZpOG1qQXdKQ2tMMmVqaEV5TklNS0Q4NWlCc1dyNEdiTEpBb0dBTkpLYVxuOHdXZDJnU1RGVW92WkRIUW44aC9QNmZUTUU3L1FTNzBtblorZlJsRnB2eVNZUU5tdWFHMENQV2JsS0JtTXQ2TlxuYWxCNVJzVTZ6b0dKZnJZSGhKVjg2ck93Nm9WK1ZZTCt5YzFMdUxVL0JqYXBhWGJTRmdyWlYvNTBGSmRCZ2NWd1xucGVoUnExUmlBc2FHUG1GbmJxM0NWY2EwRVoyd0tLcFRXeTJmUFVrQ2dZQi93ZDgxbzJ6MmZDaDBGS2FVbktjeVxuU3NscDQ0V0lxdDR1eFhWWlBrVm1KZDR5aUwxU2M3R0ZZYnZZZ0ZXekpGMkxDcVBxUnNtQjRSRDJ1RUhkaTJZcFxuOUxSZnFmT3BjV1BzZkZLdGE0czh3UjJ0VXUzR3paR09qbFRkQVU3VUdyUjlNZVk0SmlKM2JVWVFuZjNwZmplR1xuUXpkWTdINjVqZ1RYZlFZQjg0QjZNdz09XG4tLS0tLUVORCBQUklWQVRFIEtFWS0tLS0tXG4iLAogICJjbGllbnRfZW1haWwiOiAiZ2l0aHViLWFjdGlvbnMtc2FAZmludmVudG9yeS0xNzc2NTU4MjUyLmlhbS5nc2VydmljZWFjY291bnQuY29tIiwKICAiY2xpZW50X2lkIjogIjEwODI2MTk5NDI3OTc3NTgwMDQ2MSIsCiAgImF1dGhfdXJpIjogImh0dHBzOi8vYWNjb3VudHMuZ29vZ2xlLmNvbS9vL29hdXRoMi9hdXRoIiwKICAidG9rZW5fdXJpIjogImh0dHBzOi8vb2F1dGgyLmdvb2dsZWFwaXMuY29tL3Rva2VuIiwKICAiYXV0aF9wcm92aWRlcl94NTA5X2NlcnRfdXJsIjogImh0dHBzOi8vd3d3Lmdvb2dsZWFwaXMuY29tL29hdXRoMi92MS9jZXJ0cyIsCiAgImNsaWVudF94NTA5X2NlcnRfdXJsIjogImh0dHBzOi8vd3d3Lmdvb2dsZWFwaXMuY29tL3JvYm90L3YxL21ldGFkYXRhL3g1MDkvZ2l0aHViLWFjdGlvbnMtc2ElNDBmaW52ZW50b3J5LTE3NzY1NTgyNTIuaWFtLmdzZXJ2aWNlYWNjb3VudC5jb20iLAogICJ1bml2ZXJzZV9kb21haW4iOiAiZ29vZ2xlYXBpcy5jb20iCn0K",
            "private_key_type": "TYPE_GOOGLE_CREDENTIALS_FILE",
            "public_key": "LS0tLS1CRUdJTiBDRVJUSUZJQ0FURS0tLS0tCk1JSUMvVENDQWVXZ0F3SUJBZ0lKQUwzVlJDVTdGSXZ2TUEwR0NTcUdTSWIzRFFFQkJRVUFNQ0F4SGpBY0JnTlYKQkFNTUZURXdPREkyTVRrNU5ESTNPVGMzTlRnd01EUTJNVEFnRncweU5qQTBNVGt3T1RBME1UWmFHQTg1T1RrNQpNVEl6TVRJek5UazFPVm93SURFZU1Cd0dBMVVFQXd3Vk1UQTRNall4T1RrME1qYzVOemMxT0RBd05EWXhNSUlCCklqQU5CZ2txaGtpRzl3MEJBUUVGQUFPQ0FROEFNSUlCQ2dLQ0FRRUF5TkhYWlIwaTFJQ05pS2VsZkdIT3VPOVMKNjBZdG5jMllndGhOYW11c09tTFh1ajJqdThWQmF5cU1Cbk1vRFN5Z3h2LytrS1dESzFtcm5mZ1FSSjhkL1dQVgo0QzVtVlY0YUoxekozb250V0FLOFROWWtZczZDSTQ2Y0t3VHEyQkZ1TXJXSkJLWWdmcE9VZkxMUGFYUUQ3dzhRCnFGWGJoYm11WGY5R3h4elNGRHZzVzNlM2lqZE1vbDZOdzBXOUFqM1JQUThvZU9kM2tzL2lxZEhlOXVWMysxWUcKK2NUbjBhdW1pMlZ4dXJWa2s4cDg4bElPWmRJOURQR0VQMjBNVDRoNzRzdzByZnZPd3VjaDhKQVYrU2ZNL09XOQpCbkpwU1l0ZjNoU2ZsdmZQKytmaytLS1ZXODhjM3N0Z21kWmwrTTdBWVVtM0ZScU1HV2M5NUtzL3BFV1Nhd0lECkFRQUJvemd3TmpBTUJnTlZIUk1CQWY4RUFqQUFNQTRHQTFVZER3RUIvd1FFQXdJSGdEQVdCZ05WSFNVQkFmOEUKRERBS0JnZ3JCZ0VGQlFjREFqQU5CZ2txaGtpRzl3MEJBUVVGQUFPQ0FRRUF2SUg3U0xCaFd0OHZrMnoyOWdJZQpMcHNhR2tUaE90em1iODl6MUtKbjdORkJlb291ck8yR2tuZlVHeWVEMFJ1YmZPdCtQaDd2YW5uZWw2VUwyM3AvClR4QlQ1cVpCOFM4eWxVNWUxZWRUQitFTnBNN05VWGFWeExCS2JTQlZ1RDhHZ29scTcySGlpRkhVQWFQdjZuWUwKU1RLZUZIY2JvQ3lxZm50R3VmTEpBK3FyRlVwUlc3dWU5UjdsYTV4aE4xVks3b3c3a2JMV1lDTXV5SWVSZ0pVMgpEYUpkb1VGMVNQT3ptVTZOcUZRaE9MdXp3OWw4d1A5YVRnMjVNVjlpTlBrdXNHVDZVV25CNE5KVTh2T0dVVVF6CjFqaUdKalNkeXZxQmQxTkV5QmxtL1c0elhMb25iMEoveTllNVJVd0VCdUpleVg4QVZwZDJPRzIzK2lPS1FrR0YKQ2c9PQotLS0tLUVORCBDRVJUSUZJQ0FURS0tLS0tCg==",
            "public_key_data": null,
            "public_key_type": "TYPE_X509_PEM_FILE",
            "service_account_id": "projects/finventory-1776558252/serviceAccounts/github-actions-sa@finventory-1776558252.iam.gserviceaccount.com",
            "valid_after": "2026-04-19T09:04:16Z",
            "valid_before": "9999-12-31T23:59:59Z"
          },
          "sensitive_attributes": [
            [
              {
                "type": "get_attr",
                "value": "private_key"
              }
            ]
          ],
          "identity_schema_version": 0,
          "private": "bnVsbA==",
          "dependencies": [
            "google_service_account.github_actions"
          ]
        }
      ]
    },
    {
      "mode": "managed",
      "type": "google_storage_bucket",
      "name": "certificates",
      "provider": "provider[\"registry.terraform.io/hashicorp/google\"]",
      "instances": [
        {
          "schema_version": 2,
          "attributes": {
            "autoclass": [],
            "cors": [],
            "custom_placement_config": [],
            "default_event_based_hold": false,
            "effective_labels": {},
            "enable_object_retention": false,
            "encryption": [],
            "force_destroy": false,
            "id": "finventory-1776558252-certificates",
            "labels": {},
            "lifecycle_rule": [
              {
                "action": [
                  {
                    "storage_class": "",
                    "type": "Delete"
                  }
                ],
                "condition": [
                  {
                    "age": 365,
                    "created_before": "",
                    "custom_time_before": "",
                    "days_since_custom_time": 0,
                    "days_since_noncurrent_time": 0,
                    "matches_prefix": [],
                    "matches_storage_class": [],
                    "matches_suffix": [],
                    "no_age": false,
                    "noncurrent_time_before": "",
                    "num_newer_versions": 0,
                    "send_age_if_zero": true,
                    "send_days_since_custom_time_if_zero": false,
                    "send_days_since_noncurrent_time_if_zero": false,
                    "send_num_newer_versions_if_zero": false,
                    "with_state": "ANY"
                  }
                ]
              }
            ],
            "location": "US-CENTRAL1",
            "logging": [],
            "name": "finventory-1776558252-certificates",
            "project": "finventory-1776558252",
            "project_number": 593576627371,
            "public_access_prevention": "inherited",
            "requester_pays": false,
            "retention_policy": [],
            "rpo": null,
            "self_link": "https://www.googleapis.com/storage/v1/b/finventory-1776558252-certificates",
            "soft_delete_policy": [
              {
                "effective_time": "2026-04-19T09:15:23.363Z",
                "retention_duration_seconds": 604800
              }
            ],
            "storage_class": "STANDARD",
            "terraform_labels": {},
            "timeouts": null,
            "uniform_bucket_level_access": true,
            "url": "gs://finventory-1776558252-certificates",
            "versioning": [
              {
                "enabled": true
              }
            ],
            "website": []
          },
          "sensitive_attributes": [],
          "identity_schema_version": 0,
          "private": "eyJlMmJmYjczMC1lY2FhLTExZTYtOGY4OC0zNDM2M2JjN2M0YzAiOnsiY3JlYXRlIjo2MDAwMDAwMDAwMDAsInJlYWQiOjI0MDAwMDAwMDAwMCwidXBkYXRlIjoyNDAwMDAwMDAwMDB9LCJzY2hlbWFfdmVyc2lvbiI6IjIifQ=="
        }
      ]
    },
    {
      "mode": "managed",
      "type": "google_storage_bucket",
      "name": "listing_photos",
      "provider": "provider[\"registry.terraform.io/hashicorp/google\"]",
      "instances": [
        {
          "schema_version": 2,
          "attributes": {
            "autoclass": [],
            "cors": [
              {
                "max_age_seconds": 3600,
                "method": [
                  "GET"
                ],
                "origin": [
                  "*"
                ],
                "response_header": [
                  "Content-Type",
                  "Access-Control-Allow-Origin"
                ]
              }
            ],
            "custom_placement_config": [],
            "default_event_based_hold": false,
            "effective_labels": {},
            "enable_object_retention": false,
            "encryption": [],
            "force_destroy": false,
            "id": "finventory-1776558252-listing-photos",
            "labels": {},
            "lifecycle_rule": [
              {
                "action": [
                  {
                    "storage_class": "",
                    "type": "Delete"
                  }
                ],
                "condition": [
                  {
                    "age": 90,
                    "created_before": "",
                    "custom_time_before": "",
                    "days_since_custom_time": 0,
                    "days_since_noncurrent_time": 0,
                    "matches_prefix": [],
                    "matches_storage_class": [],
                    "matches_suffix": [],
                    "no_age": false,
                    "noncurrent_time_before": "",
                    "num_newer_versions": 0,
                    "send_age_if_zero": true,
                    "send_days_since_custom_time_if_zero": false,
                    "send_days_since_noncurrent_time_if_zero": false,
                    "send_num_newer_versions_if_zero": false,
                    "with_state": "ANY"
                  }
                ]
              },
              {
                "action": [
                  {
                    "storage_class": "",
                    "type": "Delete"
                  }
                ],
                "condition": [
                  {
                    "age": 0,
                    "created_before": "",
                    "custom_time_before": "",
                    "days_since_custom_time": 0,
                    "days_since_noncurrent_time": 0,
                    "matches_prefix": [],
                    "matches_storage_class": [],
                    "matches_suffix": [],
                    "no_age": false,
                    "noncurrent_time_before": "",
                    "num_newer_versions": 10,
                    "send_age_if_zero": true,
                    "send_days_since_custom_time_if_zero": false,
                    "send_days_since_noncurrent_time_if_zero": false,
                    "send_num_newer_versions_if_zero": false,
                    "with_state": "ANY"
                  }
                ]
              }
            ],
            "location": "US-CENTRAL1",
            "logging": [],
            "name": "finventory-1776558252-listing-photos",
            "project": "finventory-1776558252",
            "project_number": 593576627371,
            "public_access_prevention": "inherited",
            "requester_pays": false,
            "retention_policy": [],
            "rpo": null,
            "self_link": "https://www.googleapis.com/storage/v1/b/finventory-1776558252-listing-photos",
            "soft_delete_policy": [
              {
                "effective_time": "2026-04-19T09:15:23.481Z",
                "retention_duration_seconds": 604800
              }
            ],
            "storage_class": "STANDARD",
            "terraform_labels": {},
            "timeouts": null,
            "uniform_bucket_level_access": true,
            "url": "gs://finventory-1776558252-listing-photos",
            "versioning": [
              {
                "enabled": true
              }
            ],
            "website": [
              {
                "main_page_suffix": "index.html",
                "not_found_page": "404.html"
              }
            ]
          },
          "sensitive_attributes": [],
          "identity_schema_version": 0,
          "private": "eyJlMmJmYjczMC1lY2FhLTExZTYtOGY4OC0zNDM2M2JjN2M0YzAiOnsiY3JlYXRlIjo2MDAwMDAwMDAwMDAsInJlYWQiOjI0MDAwMDAwMDAwMCwidXBkYXRlIjoyNDAwMDAwMDAwMDB9LCJzY2hlbWFfdmVyc2lvbiI6IjIifQ=="
        }
      ]
    },
    {
      "mode": "managed",
      "type": "google_storage_bucket",
      "name": "logs",
      "provider": "provider[\"registry.terraform.io/hashicorp/google\"]",
      "instances": [
        {
          "schema_version": 2,
          "attributes": {
            "autoclass": [],
            "cors": [],
            "custom_placement_config": [],
            "default_event_based_hold": false,
            "effective_labels": {},
            "enable_object_retention": false,
            "encryption": [],
            "force_destroy": false,
            "id": "finventory-1776558252-logs",
            "labels": {},
            "lifecycle_rule": [
              {
                "action": [
                  {
                    "storage_class": "",
                    "type": "Delete"
                  }
                ],
                "condition": [
                  {
                    "age": 90,
                    "created_before": "",
                    "custom_time_before": "",
                    "days_since_custom_time": 0,
                    "days_since_noncurrent_time": 0,
                    "matches_prefix": [],
                    "matches_storage_class": [],
                    "matches_suffix": [],
                    "no_age": false,
                    "noncurrent_time_before": "",
                    "num_newer_versions": 0,
                    "send_age_if_zero": true,
                    "send_days_since_custom_time_if_zero": false,
                    "send_days_since_noncurrent_time_if_zero": false,
                    "send_num_newer_versions_if_zero": false,
                    "with_state": "ANY"
                  }
                ]
              }
            ],
            "location": "US-CENTRAL1",
            "logging": [],
            "name": "finventory-1776558252-logs",
            "project": "finventory-1776558252",
            "project_number": 593576627371,
            "public_access_prevention": "inherited",
            "requester_pays": false,
            "retention_policy": [],
            "rpo": null,
            "self_link": "https://www.googleapis.com/storage/v1/b/finventory-1776558252-logs",
            "soft_delete_policy": [
              {
                "effective_time": "2026-04-19T09:15:25.375Z",
                "retention_duration_seconds": 604800
              }
            ],
            "storage_class": "STANDARD",
            "terraform_labels": {},
            "timeouts": null,
            "uniform_bucket_level_access": true,
            "url": "gs://finventory-1776558252-logs",
            "versioning": [],
            "website": []
          },
          "sensitive_attributes": [],
          "identity_schema_version": 0,
          "private": "eyJlMmJmYjczMC1lY2FhLTExZTYtOGY4OC0zNDM2M2JjN2M0YzAiOnsiY3JlYXRlIjo2MDAwMDAwMDAwMDAsInJlYWQiOjI0MDAwMDAwMDAwMCwidXBkYXRlIjoyNDAwMDAwMDAwMDB9LCJzY2hlbWFfdmVyc2lvbiI6IjIifQ=="
        }
      ]
    },
    {
      "mode": "managed",
      "type": "google_storage_bucket",
      "name": "profile_photos",
      "provider": "provider[\"registry.terraform.io/hashicorp/google\"]",
      "instances": [
        {
          "schema_version": 2,
          "attributes": {
            "autoclass": [],
            "cors": [
              {
                "max_age_seconds": 3600,
                "method": [
                  "GET"
                ],
                "origin": [
                  "*"
                ],
                "response_header": [
                  "Content-Type",
                  "Access-Control-Allow-Origin"
                ]
              }
            ],
            "custom_placement_config": [],
            "default_event_based_hold": false,
            "effective_labels": {},
            "enable_object_retention": false,
            "encryption": [],
            "force_destroy": false,
            "id": "finventory-1776558252-profile-photos",
            "labels": {},
            "lifecycle_rule": [
              {
                "action": [
                  {
                    "storage_class": "",
                    "type": "Delete"
                  }
                ],
                "condition": [
                  {
                    "age": 0,
                    "created_before": "",
                    "custom_time_before": "",
                    "days_since_custom_time": 0,
                    "days_since_noncurrent_time": 0,
                    "matches_prefix": [],
                    "matches_storage_class": [],
                    "matches_suffix": [],
                    "no_age": false,
                    "noncurrent_time_before": "",
                    "num_newer_versions": 5,
                    "send_age_if_zero": true,
                    "send_days_since_custom_time_if_zero": false,
                    "send_days_since_noncurrent_time_if_zero": false,
                    "send_num_newer_versions_if_zero": false,
                    "with_state": "ANY"
                  }
                ]
              }
            ],
            "location": "US-CENTRAL1",
            "logging": [],
            "name": "finventory-1776558252-profile-photos",
            "project": "finventory-1776558252",
            "project_number": 593576627371,
            "public_access_prevention": "inherited",
            "requester_pays": false,
            "retention_policy": [],
            "rpo": null,
            "self_link": "https://www.googleapis.com/storage/v1/b/finventory-1776558252-profile-photos",
            "soft_delete_policy": [
              {
                "effective_time": "2026-04-19T09:15:24.377Z",
                "retention_duration_seconds": 604800
              }
            ],
            "storage_class": "STANDARD",
            "terraform_labels": {},
            "timeouts": null,
            "uniform_bucket_level_access": true,
            "url": "gs://finventory-1776558252-profile-photos",
            "versioning": [
              {
                "enabled": true
              }
            ],
            "website": []
          },
          "sensitive_attributes": [],
          "identity_schema_version": 0,
          "private": "eyJlMmJmYjczMC1lY2FhLTExZTYtOGY4OC0zNDM2M2JjN2M0YzAiOnsiY3JlYXRlIjo2MDAwMDAwMDAwMDAsInJlYWQiOjI0MDAwMDAwMDAwMCwidXBkYXRlIjoyNDAwMDAwMDAwMDB9LCJzY2hlbWFfdmVyc2lvbiI6IjIifQ=="
        }
      ]
    },
    {
      "mode": "managed",
      "type": "google_storage_bucket_iam_member",
      "name": "cloud_functions_certificates",
      "provider": "provider[\"registry.terraform.io/hashicorp/google\"]",
      "instances": [
        {
          "schema_version": 0,
          "attributes": {
            "bucket": "b/finventory-1776558252-certificates",
            "condition": [],
            "etag": "CAI=",
            "id": "b/finventory-1776558252-certificates/roles/storage.objectAdmin/serviceAccount:cloud-functions-sa@finventory-1776558252.iam.gserviceaccount.com",
            "member": "serviceAccount:cloud-functions-sa@finventory-1776558252.iam.gserviceaccount.com",
            "role": "roles/storage.objectAdmin"
          },
          "sensitive_attributes": [],
          "identity_schema_version": 0,
          "private": "bnVsbA==",
          "dependencies": [
            "google_service_account.cloud_functions",
            "google_storage_bucket.certificates"
          ]
        }
      ]
    },
    {
      "mode": "managed",
      "type": "google_storage_bucket_iam_member",
      "name": "cloud_functions_listing_photos",
      "provider": "provider[\"registry.terraform.io/hashicorp/google\"]",
      "instances": [
        {
          "schema_version": 0,
          "attributes": {
            "bucket": "b/finventory-1776558252-listing-photos",
            "condition": [],
            "etag": "CAQ=",
            "id": "b/finventory-1776558252-listing-photos/roles/storage.objectAdmin/serviceAccount:cloud-functions-sa@finventory-1776558252.iam.gserviceaccount.com",
            "member": "serviceAccount:cloud-functions-sa@finventory-1776558252.iam.gserviceaccount.com",
            "role": "roles/storage.objectAdmin"
          },
          "sensitive_attributes": [],
          "identity_schema_version": 0,
          "private": "bnVsbA==",
          "dependencies": [
            "google_service_account.cloud_functions",
            "google_storage_bucket.listing_photos"
          ]
        }
      ]
    },
    {
      "mode": "managed",
      "type": "google_storage_bucket_iam_member",
      "name": "listing_photos_public_read",
      "provider": "provider[\"registry.terraform.io/hashicorp/google\"]",
      "instances": [
        {
          "schema_version": 0,
          "attributes": {
            "bucket": "b/finventory-1776558252-listing-photos",
            "condition": [],
            "etag": "CAQ=",
            "id": "b/finventory-1776558252-listing-photos/roles/storage.objectViewer/allUsers",
            "member": "allUsers",
            "role": "roles/storage.objectViewer"
          },
          "sensitive_attributes": [],
          "identity_schema_version": 0,
          "private": "bnVsbA==",
          "dependencies": [
            "google_storage_bucket.listing_photos"
          ]
        }
      ]
    },
    {
      "mode": "managed",
      "type": "google_storage_bucket_iam_member",
      "name": "listing_photos_upload",
      "provider": "provider[\"registry.terraform.io/hashicorp/google\"]",
      "instances": [
        {
          "schema_version": 0,
          "attributes": {
            "bucket": "b/finventory-1776558252-listing-photos",
            "condition": [],
            "etag": "CAQ=",
            "id": "b/finventory-1776558252-listing-photos/roles/storage.objectCreator/allAuthenticatedUsers",
            "member": "allAuthenticatedUsers",
            "role": "roles/storage.objectCreator"
          },
          "sensitive_attributes": [],
          "identity_schema_version": 0,
          "private": "bnVsbA==",
          "dependencies": [
            "google_storage_bucket.listing_photos"
          ]
        }
      ]
    },
    {
      "mode": "managed",
      "type": "google_storage_bucket_iam_member",
      "name": "logs_writer",
      "provider": "provider[\"registry.terraform.io/hashicorp/google\"]",
      "instances": [
        {
          "schema_version": 0,
          "attributes": {
            "bucket": "b/finventory-1776558252-logs",
            "condition": [],
            "etag": "CAI=",
            "id": "b/finventory-1776558252-logs/roles/storage.objectCreator/serviceAccount:cloud-functions-sa@finventory-1776558252.iam.gserviceaccount.com",
            "member": "serviceAccount:cloud-functions-sa@finventory-1776558252.iam.gserviceaccount.com",
            "role": "roles/storage.objectCreator"
          },
          "sensitive_attributes": [],
          "identity_schema_version": 0,
          "private": "bnVsbA==",
          "dependencies": [
            "google_service_account.cloud_functions",
            "google_storage_bucket.logs"
          ]
        }
      ]
    },
    {
      "mode": "managed",
      "type": "google_storage_bucket_iam_member",
      "name": "profile_photos_public_read",
      "provider": "provider[\"registry.terraform.io/hashicorp/google\"]",
      "instances": [
        {
          "schema_version": 0,
          "attributes": {
            "bucket": "b/finventory-1776558252-profile-photos",
            "condition": [],
            "etag": "CAI=",
            "id": "b/finventory-1776558252-profile-photos/roles/storage.objectViewer/allUsers",
            "member": "allUsers",
            "role": "roles/storage.objectViewer"
          },
          "sensitive_attributes": [],
          "identity_schema_version": 0,
          "private": "bnVsbA==",
          "dependencies": [
            "google_storage_bucket.profile_photos"
          ]
        }
      ]
    }
  ],
  "check_results": null
}
